
Microsoft Visual Studio Solution File, Format Version 12.00
# Visual Studio Version 16
VisualStudioVersion = 16.0.30002.166
MinimumVisualStudioVersion = 10.0.40219.1
Project("{FAE04EC0-301F-11D3-BF4B-00C04F79EFBC}") = "RMDataManager", "RMDataManager\RMDataManager.csproj", "{4DF5A75B-D3D2-40BD-B1B1-E2F946F48CD8}"
EndProject
Project("{00D1A9C2-B5F0-4AF3-8072-F6C62B433612}") = "RMData", "RMData\RMData.sqlproj", "{AC26A20C-7E85-4EB7-8ADE-F63F2088F8F8}"
EndProject
Project("{FAE04EC0-301F-11D3-BF4B-00C04F79EFBC}") = "RMDesktopUI", "RMDesktopUI\RMDesktopUI.csproj", "{44474CB9-CB7E-42C2-8772-69CAA7A4D7A0}"
EndProject
Project("{FAE04EC0-301F-11D3-BF4B-00C04F79EFBC}") = "RMDataManager.Library", "RMDataManager.Library\RMDataManager.Library.csproj", "{FDB04C18-B300-473E-BD9C-E55EE1D56663}"
EndProject
Project("{9A19103F-16F7-4668-BE54-9A1E7A4F7556}") = "RMDesktopUI.Library", "RMDesktopUI.Library\RMDesktopUI.Library.csproj", "{86EA9184-5886-4B9C-9605-FB2A6302E3BD}"
EndProject
Project("{2150E333-8FDC-42A3-9474-1A3956D46DE8}") = "Database", "Database", "{1555BDAC-DCB8-4B5D-A4B2-74B054198542}"
EndProject
Project("{2150E333-8FDC-42A3-9474-1A3956D46DE8}") = "API", "API", "{AC2375D9-D925-4316-99CC-0AE8F3B3B1BA}"
EndProject
Project("{2150E333-8FDC-42A3-9474-1A3956D46DE8}") = "WPF", "WPF", "{7B630E60-6EEF-4783-8FFC-2C8DE0486666}"
EndProject
Project("{FAE04EC0-301F-11D3-BF4B-00C04F79EFBC}") = "RMApi", "RMApi\RMApi.csproj", "{03DFCA7C-E4E3-41C2-9FF8-45D7ACCBF4FC}"
EndProject
Global
	GlobalSection(SolutionConfigurationPlatforms) = preSolution
		Debug|Any CPU = Debug|Any CPU
		Release|Any CPU = Release|Any CPU
	EndGlobalSection
	GlobalSection(ProjectConfigurationPlatforms) = postSolution
		{4DF5A75B-D3D2-40BD-B1B1-E2F946F48CD8}.Debug|Any CPU.ActiveCfg = Debug|Any CPU
		{4DF5A75B-D3D2-40BD-B1B1-E2F946F48CD8}.Debug|Any CPU.Build.0 = Debug|Any CPU
		{4DF5A75B-D3D2-40BD-B1B1-E2F946F48CD8}.Release|Any CPU.ActiveCfg = Release|Any CPU
		{4DF5A75B-D3D2-40BD-B1B1-E2F946F48CD8}.Release|Any CPU.Build.0 = Release|Any CPU
		{AC26A20C-7E85-4EB7-8ADE-F63F2088F8F8}.Debug|Any CPU.ActiveCfg = Debug|Any CPU
		{AC26A20C-7E85-4EB7-8ADE-F63F2088F8F8}.Debug|Any CPU.Build.0 = Debug|Any CPU
		{AC26A20C-7E85-4EB7-8ADE-F63F2088F8F8}.Debug|Any CPU.Deploy.0 = Debug|Any CPU
		{AC26A20C-7E85-4EB7-8ADE-F63F2088F8F8}.Release|Any CPU.ActiveCfg = Release|Any CPU
		{AC26A20C-7E85-4EB7-8ADE-F63F2088F8F8}.Release|Any CPU.Build.0 = Release|Any CPU
		{AC26A20C-7E85-4EB7-8ADE-F63F2088F8F8}.Release|Any CPU.Deploy.0 = Release|Any CPU
		{44474CB9-CB7E-42C2-8772-69CAA7A4D7A0}.Debug|Any CPU.ActiveCfg = Debug|Any CPU
		{44474CB9-CB7E-42C2-8772-69CAA7A4D7A0}.Debug|Any CPU.Build.0 = Debug|Any CPU
		{44474CB9-CB7E-42C2-8772-69CAA7A4D7A0}.Release|Any CPU.ActiveCfg = Release|Any CPU
		{44474CB9-CB7E-42C2-8772-69CAA7A4D7A0}.Release|Any CPU.Build.0 = Release|Any CPU
		{FDB04C18-B300-473E-BD9C-E55EE1D56663}.Debug|Any CPU.ActiveCfg = Debug|Any CPU
		{FDB04C18-B300-473E-BD9C-E55EE1D56663}.Debug|Any CPU.Build.0 = Debug|Any CPU
		{FDB04C18-B300-473E-BD9C-E55EE1D56663}.Release|Any CPU.ActiveCfg = Release|Any CPU
		{FDB04C18-B300-473E-BD9C-E55EE1D56663}.Release|Any CPU.Build.0 = Release|Any CPU
		{86EA9184-5886-4B9C-9605-FB2A6302E3BD}.Debug|Any CPU.ActiveCfg = Debug|Any CPU
		{86EA9184-5886-4B9C-9605-FB2A6302E3BD}.Debug|Any CPU.Build.0 = Debug|Any CPU
		{86EA9184-5886-4B9C-9605-FB2A6302E3BD}.Release|Any CPU.ActiveCfg = Release|Any CPU
		{86EA9184-5886-4B9C-9605-FB2A6302E3BD}.Release|Any CPU.Build.0 = Release|Any CPU
		{03DFCA7C-E4E3-41C2-9FF8-45D7ACCBF4FC}.Debug|Any CPU.ActiveCfg = Debug|Any CPU
		{03DFCA7C-E4E3-41C2-9FF8-45D7ACCBF4FC}.Debug|Any CPU.Build.0 = Debug|Any CPU
		{03DFCA7C-E4E3-41C2-9FF8-45D7ACCBF4FC}.Release|Any CPU.ActiveCfg = Release|Any CPU
		{03DFCA7C-E4E3-41C2-9FF8-45D7ACCBF4FC}.Release|Any CPU.Build.0 = Release|Any CPU
	EndGlobalSection
	GlobalSection(SolutionProperties) = preSolution
		HideSolutionNode = FALSE
	EndGlobalSection
	GlobalSection(NestedProjects) = preSolution
		{4DF5A75B-D3D2-40BD-B1B1-E2F946F48CD8} = {AC2375D9-D925-4316-99CC-0AE8F3B3B1BA}
		{AC26A20C-7E85-4EB7-8ADE-F63F2088F8F8} = {1555BDAC-DCB8-4B5D-A4B2-74B054198542}
		{44474CB9-CB7E-42C2-8772-69CAA7A4D7A0} = {7B630E60-6EEF-4783-8FFC-2C8DE0486666}
		{FDB04C18-B300-473E-BD9C-E55EE1D56663} = {AC2375D9-D925-4316-99CC-0AE8F3B3B1BA}
		{86EA9184-5886-4B9C-9605-FB2A6302E3BD} = {7B630E60-6EEF-4783-8FFC-2C8DE0486666}
		{03DFCA7C-E4E3-41C2-9FF8-45D7ACCBF4FC} = {AC2375D9-D925-4316-99CC-0AE8F3B3B1BA}
	EndGlobalSection
	GlobalSection(ExtensibilityGlobals) = postSolution
		SolutionGuid = {0EFD6A40-0CE5-4340-A802-921F6F4AE50F}
	EndGlobalSection
EndGlobal
