
Microsoft Visual Studio Solution File, Format Version 12.00
# Visual Studio 14
VisualStudioVersion = 14.0.25420.1
MinimumVisualStudioVersion = 10.0.40219.1
Project("{FAE04EC0-301F-11D3-BF4B-00C04F79EFBC}") = "RMDataManager", "RMDataManager\RMDataManager.csproj", "{4DF5A75B-D3D2-40BD-B1B1-E2F946F48CD8}"
EndProject
Project("{00D1A9C2-B5F0-4AF3-8072-F6C62B433612}") = "RMData", "RMData\RMData.sqlproj", "{AC26A20C-7E85-4EB7-8ADE-F63F2088F8F8}"
EndProject
Project("{FAE04EC0-301F-11D3-BF4B-00C04F79EFBC}") = "RMDesktopUI", "RMDesktopUI\RMDesktopUI.csproj", "{44474CB9-CB7E-42C2-8772-69CAA7A4D7A0}"
EndProject
Project("{FAE04EC0-301F-11D3-BF4B-00C04F79EFBC}") = "RMDataManager.Library", "RMDataManager.Library\RMDataManager.Library.csproj", "{FDB04C18-B300-473E-BD9C-E55EE1D56663}"
EndProject
Project("{FAE04EC0-301F-11D3-BF4B-00C04F79EFBC}") = "RMDesktopUI.Library", "RMDesktopUI.Library\RMDesktopUI.Library.csproj", "{86EA9184-5886-4B9C-9605-FB2A6302E3BD}"
EndProject
Global
	GlobalSection(SolutionConfigurationPlatforms) = preSolution
		Debug|Any CPU = Debug|Any CPU
		Release|Any CPU = Release|Any CPU
	EndGlobalSection
	GlobalSection(ProjectConfigurationPlatforms) = postSolution
		{4DF5A75B-D3D2-40BD-B1B1-E2F946F48CD8}.Debug|Any CPU.ActiveCfg = Debug|Any CPU
		{4DF5A75B-D3D2-40BD-B1B1-E2F946F48CD8}.Debug|Any CPU.Build.0 = Debug|Any CPU
		{4DF5A75B-D3D2-40BD-B1B1-E2F946F48CD8}.Release|Any CPU.ActiveCfg = Release|Any CPU
		{4DF5A75B-D3D2-40BD-B1B1-E2F946F48CD8}.Release|Any CPU.Build.0 = Release|Any CPU
		{AC26A20C-7E85-4EB7-8ADE-F63F2088F8F8}.Debug|Any CPU.ActiveCfg = Debug|Any CPU
		{AC26A20C-7E85-4EB7-8ADE-F63F2088F8F8}.Debug|Any CPU.Build.0 = Debug|Any CPU
		{AC26A20C-7E85-4EB7-8ADE-F63F2088F8F8}.Debug|Any CPU.Deploy.0 = Debug|Any CPU
		{AC26A20C-7E85-4EB7-8ADE-F63F2088F8F8}.Release|Any CPU.ActiveCfg = Release|Any CPU
		{AC26A20C-7E85-4EB7-8ADE-F63F2088F8F8}.Release|Any CPU.Build.0 = Release|Any CPU
		{AC26A20C-7E85-4EB7-8ADE-F63F2088F8F8}.Release|Any CPU.Deploy.0 = Release|Any CPU
		{44474CB9-CB7E-42C2-8772-69CAA7A4D7A0}.Debug|Any CPU.ActiveCfg = Debug|Any CPU
		{44474CB9-CB7E-42C2-8772-69CAA7A4D7A0}.Debug|Any CPU.Build.0 = Debug|Any CPU
		{44474CB9-CB7E-42C2-8772-69CAA7A4D7A0}.Release|Any CPU.ActiveCfg = Release|Any CPU
		{44474CB9-CB7E-42C2-8772-69CAA7A4D7A0}.Release|Any CPU.Build.0 = Release|Any CPU
		{FDB04C18-B300-473E-BD9C-E55EE1D56663}.Debug|Any CPU.ActiveCfg = Debug|Any CPU
		{FDB04C18-B300-473E-BD9C-E55EE1D56663}.Debug|Any CPU.Build.0 = Debug|Any CPU
		{FDB04C18-B300-473E-BD9C-E55EE1D56663}.Release|Any CPU.ActiveCfg = Release|Any CPU
		{FDB04C18-B300-473E-BD9C-E55EE1D56663}.Release|Any CPU.Build.0 = Release|Any CPU
		{86EA9184-5886-4B9C-9605-FB2A6302E3BD}.Debug|Any CPU.ActiveCfg = Debug|Any CPU
		{86EA9184-5886-4B9C-9605-FB2A6302E3BD}.Debug|Any CPU.Build.0 = Debug|Any CPU
		{86EA9184-5886-4B9C-9605-FB2A6302E3BD}.Release|Any CPU.ActiveCfg = Release|Any CPU
		{86EA9184-5886-4B9C-9605-FB2A6302E3BD}.Release|Any CPU.Build.0 = Release|Any CPU
	EndGlobalSection
	GlobalSection(SolutionProperties) = preSolution
		HideSolutionNode = FALSE
	EndGlobalSection
EndGlobal
